{
  "name": "vscode-react-native",
  "version": "0.6.8",
  "dependencies": {
    "agent-base": {
      "version": "1.0.2",
      "from": "agent-base@>=1.0.1 <1.1.0",
      "resolved": "https://registry.npmjs.org/agent-base/-/agent-base-1.0.2.tgz"
    },
    "amdefine": {
      "version": "1.0.1",
      "from": "amdefine@>=0.0.4",
      "resolved": "https://registry.npmjs.org/amdefine/-/amdefine-1.0.1.tgz"
    },
    "applicationinsights": {
      "version": "0.15.6",
      "from": "applicationinsights@0.15.6",
      "resolved": "https://registry.npmjs.org/applicationinsights/-/applicationinsights-0.15.6.tgz"
    },
    "async-limiter": {
      "version": "1.0.0",
      "from": "async-limiter@>=1.0.0 <1.1.0",
      "resolved": "https://registry.npmjs.org/async-limiter/-/async-limiter-1.0.0.tgz"
    },
    "atob": {
      "version": "2.1.0",
      "from": "atob@>=2.0.0 <3.0.0",
      "resolved": "https://registry.npmjs.org/atob/-/atob-2.1.0.tgz"
    },
    "balanced-match": {
      "version": "1.0.0",
      "from": "balanced-match@>=1.0.0 <2.0.0",
      "resolved": "https://registry.npmjs.org/balanced-match/-/balanced-match-1.0.0.tgz"
    },
    "brace-expansion": {
      "version": "1.1.11",
      "from": "brace-expansion@>=1.1.7 <2.0.0",
      "resolved": "https://registry.npmjs.org/brace-expansion/-/brace-expansion-1.1.11.tgz"
    },
    "concat-map": {
      "version": "0.0.1",
      "from": "concat-map@0.0.1",
      "resolved": "https://registry.npmjs.org/concat-map/-/concat-map-0.0.1.tgz"
    },
    "debug": {
      "version": "2.6.9",
      "from": "debug@>=2.0.0 <3.0.0",
      "resolved": "https://registry.npmjs.org/debug/-/debug-2.6.9.tgz"
    },
    "decode-uri-component": {
      "version": "0.2.0",
      "from": "decode-uri-component@>=0.2.0 <0.3.0",
      "resolved": "https://registry.npmjs.org/decode-uri-component/-/decode-uri-component-0.2.0.tgz"
    },
    "extend": {
      "version": "3.0.1",
      "from": "extend@>=3.0.0 <4.0.0",
      "resolved": "https://registry.npmjs.org/extend/-/extend-3.0.1.tgz"
    },
    "extract-opts": {
      "version": "2.2.0",
      "from": "extract-opts@2.2.0",
      "resolved": "https://registry.npmjs.org/extract-opts/-/extract-opts-2.2.0.tgz"
    },
    "flatten-source-map": {
      "version": "0.0.2",
      "from": "flatten-source-map@0.0.2",
      "resolved": "https://registry.npmjs.org/flatten-source-map/-/flatten-source-map-0.0.2.tgz",
      "dependencies": {
        "source-map": {
          "version": "0.1.43",
          "from": "source-map@>=0.1.43 <0.2.0",
          "resolved": "https://registry.npmjs.org/source-map/-/source-map-0.1.43.tgz"
        }
      }
    },
    "fs.realpath": {
      "version": "1.0.0",
      "from": "fs.realpath@>=1.0.0 <2.0.0",
      "resolved": "https://registry.npmjs.org/fs.realpath/-/fs.realpath-1.0.0.tgz"
    },
    "glob": {
      "version": "7.1.2",
      "from": "glob@>=7.0.6 <8.0.0",
      "resolved": "https://registry.npmjs.org/glob/-/glob-7.1.2.tgz"
    },
    "http-proxy-agent": {
      "version": "0.2.7",
      "from": "http-proxy-agent@>=0.2.6 <0.3.0",
      "resolved": "https://registry.npmjs.org/http-proxy-agent/-/http-proxy-agent-0.2.7.tgz"
    },
    "https-proxy-agent": {
      "version": "0.3.6",
      "from": "https-proxy-agent@>=0.3.5 <0.4.0",
      "resolved": "https://registry.npmjs.org/https-proxy-agent/-/https-proxy-agent-0.3.6.tgz"
    },
    "inflight": {
      "version": "1.0.6",
      "from": "inflight@>=1.0.4 <2.0.0",
      "resolved": "https://registry.npmjs.org/inflight/-/inflight-1.0.6.tgz"
    },
    "inherits": {
      "version": "2.0.3",
      "from": "inherits@>=2.0.0 <3.0.0",
      "resolved": "https://registry.npmjs.org/inherits/-/inherits-2.0.3.tgz"
    },
    "minimatch": {
      "version": "3.0.4",
      "from": "minimatch@>=3.0.4 <4.0.0",
      "resolved": "https://registry.npmjs.org/minimatch/-/minimatch-3.0.4.tgz"
    },
    "ms": {
      "version": "2.0.0",
      "from": "ms@2.0.0",
      "resolved": "https://registry.npmjs.org/ms/-/ms-2.0.0.tgz"
    },
    "noice-json-rpc": {
      "version": "1.1.2",
      "from": "noice-json-rpc@>=1.0.2 <2.0.0",
      "resolved": "https://registry.npmjs.org/noice-json-rpc/-/noice-json-rpc-1.1.2.tgz"
    },
    "once": {
      "version": "1.4.0",
      "from": "once@>=1.3.0 <2.0.0",
      "resolved": "https://registry.npmjs.org/once/-/once-1.4.0.tgz"
    },
    "options": {
      "version": "0.0.6",
      "from": "options@0.0.6",
      "resolved": "https://registry.npmjs.org/options/-/options-0.0.6.tgz"
    },
    "path-is-absolute": {
      "version": "1.0.1",
      "from": "path-is-absolute@>=1.0.0 <2.0.0",
      "resolved": "https://registry.npmjs.org/path-is-absolute/-/path-is-absolute-1.0.1.tgz"
    },
    "q": {
      "version": "1.4.1",
      "from": "q@1.4.1",
      "resolved": "https://registry.npmjs.org/q/-/q-1.4.1.tgz"
    },
    "qr-image": {
      "version": "3.2.0",
      "from": "qr-image@>=3.2.0 <4.0.0",
      "resolved": "https://registry.npmjs.org/qr-image/-/qr-image-3.2.0.tgz"
    },
    "request-light": {
      "version": "0.1.0",
      "from": "request-light@>=0.1.0 <0.2.0",
      "resolved": "https://registry.npmjs.org/request-light/-/request-light-0.1.0.tgz",
      "dependencies": {
        "vscode-nls": {
          "version": "1.0.7",
          "from": "vscode-nls@>=1.0.4 <2.0.0",
          "resolved": "https://registry.npmjs.org/vscode-nls/-/vscode-nls-1.0.7.tgz"
        }
      }
    },
    "resolve-url": {
      "version": "0.2.1",
      "from": "resolve-url@>=0.2.1 <0.3.0",
      "resolved": "https://registry.npmjs.org/resolve-url/-/resolve-url-0.2.1.tgz"
    },
    "safe-buffer": {
      "version": "5.1.1",
      "from": "safe-buffer@>=5.1.0 <5.2.0",
      "resolved": "https://registry.npmjs.org/safe-buffer/-/safe-buffer-5.1.1.tgz"
    },
    "semver": {
      "version": "5.1.0",
      "from": "semver@5.1.0",
      "resolved": "https://registry.npmjs.org/semver/-/semver-5.1.0.tgz"
    },
    "source-map": {
      "version": "0.5.2",
      "from": "source-map@0.5.2",
      "resolved": "https://registry.npmjs.org/source-map/-/source-map-0.5.2.tgz"
    },
    "source-map-resolve": {
      "version": "0.5.1",
      "from": "source-map-resolve@>=0.5.0 <0.6.0",
      "resolved": "https://registry.npmjs.org/source-map-resolve/-/source-map-resolve-0.5.1.tgz"
    },
    "source-map-url": {
      "version": "0.4.0",
      "from": "source-map-url@>=0.4.0 <0.5.0",
      "resolved": "https://registry.npmjs.org/source-map-url/-/source-map-url-0.4.0.tgz"
    },
    "strip-json-comments": {
      "version": "2.0.1",
      "from": "strip-json-comments@2.0.1",
      "resolved": "https://registry.npmjs.org/strip-json-comments/-/strip-json-comments-2.0.1.tgz"
    },
    "typechecker": {
      "version": "2.0.8",
      "from": "typechecker@2.0.8",
      "resolved": "https://registry.npmjs.org/typechecker/-/typechecker-2.0.8.tgz"
    },
    "ultron": {
      "version": "1.0.2",
      "from": "ultron@1.0.2",
      "resolved": "https://registry.npmjs.org/ultron/-/ultron-1.0.2.tgz"
    },
    "urix": {
      "version": "0.1.0",
      "from": "urix@>=0.1.0 <0.2.0",
      "resolved": "https://registry.npmjs.org/urix/-/urix-0.1.0.tgz"
    },
    "vscode-chrome-debug-core": {
      "version": "3.17.3",
      "from": "vscode-chrome-debug-core@3.17.3",
      "resolved": "https://registry.npmjs.org/vscode-chrome-debug-core/-/vscode-chrome-debug-core-3.17.3.tgz",
      "dependencies": {
        "@types/source-map": {
          "version": "0.1.29",
          "from": "@types/source-map@>=0.1.27 <0.2.0",
          "resolved": "https://registry.npmjs.org/@types/source-map/-/source-map-0.1.29.tgz"
        },
        "noice-json-rpc": {
          "version": "1.0.1",
          "from": "noice-json-rpc@1.0.1",
          "resolved": "https://registry.npmjs.org/noice-json-rpc/-/noice-json-rpc-1.0.1.tgz"
        },
        "source-map": {
          "version": "0.5.7",
          "from": "source-map@>=0.5.6 <0.6.0",
          "resolved": "https://registry.npmjs.org/source-map/-/source-map-0.5.7.tgz"
        },
        "ws": {
          "version": "1.1.5",
          "from": "ws@>=1.1.1 <2.0.0",
          "resolved": "https://registry.npmjs.org/ws/-/ws-1.1.5.tgz"
        }
      }
    },
    "vscode-debugadapter": {
      "version": "1.28.0",
      "from": "vscode-debugadapter@>=1.23.0 <2.0.0",
      "resolved": "https://registry.npmjs.org/vscode-debugadapter/-/vscode-debugadapter-1.28.0.tgz"
    },
    "vscode-debugprotocol": {
      "version": "1.28.0",
      "from": "vscode-debugprotocol@>=1.23.0 <2.0.0",
      "resolved": "https://registry.npmjs.org/vscode-debugprotocol/-/vscode-debugprotocol-1.28.0.tgz"
    },
    "vscode-extension-telemetry": {
      "version": "0.0.5",
      "from": "vscode-extension-telemetry@0.0.5",
      "resolved": "https://registry.npmjs.org/vscode-extension-telemetry/-/vscode-extension-telemetry-0.0.5.tgz"
    },
    "vscode-nls": {
      "version": "2.0.2",
      "from": "vscode-nls@>=2.0.2 <3.0.0",
      "resolved": "https://registry.npmjs.org/vscode-nls/-/vscode-nls-2.0.2.tgz"
    },
    "vscode-uri": {
      "version": "1.0.1",
      "from": "vscode-uri@1.0.1",
      "resolved": "https://registry.npmjs.org/vscode-uri/-/vscode-uri-1.0.1.tgz"
    },
    "winreg": {
      "version": "0.0.13",
      "from": "winreg@0.0.13",
      "resolved": "https://registry.npmjs.org/winreg/-/winreg-0.0.13.tgz"
    },
    "wrappy": {
      "version": "1.0.2",
      "from": "wrappy@>=1.0.0 <2.0.0",
      "resolved": "https://registry.npmjs.org/wrappy/-/wrappy-1.0.2.tgz"
    },
    "ws": {
      "version": "3.3.3",
      "from": "ws@>=3.2.0 <4.0.0",
      "resolved": "https://registry.npmjs.org/ws/-/ws-3.3.3.tgz",
      "dependencies": {
        "ultron": {
          "version": "1.1.1",
          "from": "ultron@>=1.1.0 <1.2.0",
          "resolved": "https://registry.npmjs.org/ultron/-/ultron-1.1.1.tgz"
        }
      }
    }
  }
}
